
Microsoft Visual Studio Solution File, Format Version 12.00
# Visual Studio Version 16
VisualStudioVersion = 16.0.32802.440
MinimumVisualStudioVersion = 10.0.40219.1
Project("{FAE04EC0-301F-11D3-BF4B-00C04F79EFBC}") = "ejercicioscsharp", "ejercicioscsharp\ejercicioscsharp.csproj", "{ED0B84B5-D130-4C2E-9777-CEB45654E454}"
EndProject
Global
	GlobalSection(SolutionConfigurationPlatforms) = preSolution
		Debug|Any CPU = Debug|Any CPU
		Release|Any CPU = Release|Any CPU
	EndGlobalSection
	GlobalSection(ProjectConfigurationPlatforms) = postSolution
		{ED0B84B5-D130-4C2E-9777-CEB45654E454}.Debug|Any CPU.ActiveCfg = Debug|Any CPU
		{ED0B84B5-D130-4C2E-9777-CEB45654E454}.Debug|Any CPU.Build.0 = Debug|Any CPU
		{ED0B84B5-D130-4C2E-9777-CEB45654E454}.Release|Any CPU.ActiveCfg = Release|Any CPU
		{ED0B84B5-D130-4C2E-9777-CEB45654E454}.Release|Any CPU.Build.0 = Release|Any CPU
	EndGlobalSection
	GlobalSection(SolutionProperties) = preSolution
		HideSolutionNode = FALSE
	EndGlobalSection
	GlobalSection(ExtensibilityGlobals) = postSolution
		SolutionGuid = {515D6F53-F504-4450-AC99-A18F421A2C7C}
	EndGlobalSection
EndGlobal
