
Microsoft Visual Studio Solution File, Format Version 12.00
# Visual Studio Version 17
VisualStudioVersion = 17.8.34309.116
MinimumVisualStudioVersion = 10.0.40219.1
Project("{FAE04EC0-301F-11D3-BF4B-00C04F79EFBC}") = "Ejerciciodesingleton", "Ejerciciodesingleton\Ejerciciodesingleton.csproj", "{FD7C7639-F2D9-4091-8280-AC5745AE4F22}"
EndProject
Global
	GlobalSection(SolutionConfigurationPlatforms) = preSolution
		Debug|Any CPU = Debug|Any CPU
		Release|Any CPU = Release|Any CPU
	EndGlobalSection
	GlobalSection(ProjectConfigurationPlatforms) = postSolution
		{FD7C7639-F2D9-4091-8280-AC5745AE4F22}.Debug|Any CPU.ActiveCfg = Debug|Any CPU
		{FD7C7639-F2D9-4091-8280-AC5745AE4F22}.Debug|Any CPU.Build.0 = Debug|Any CPU
		{FD7C7639-F2D9-4091-8280-AC5745AE4F22}.Release|Any CPU.ActiveCfg = Release|Any CPU
		{FD7C7639-F2D9-4091-8280-AC5745AE4F22}.Release|Any CPU.Build.0 = Release|Any CPU
	EndGlobalSection
	GlobalSection(SolutionProperties) = preSolution
		HideSolutionNode = FALSE
	EndGlobalSection
	GlobalSection(ExtensibilityGlobals) = postSolution
		SolutionGuid = {C89D479D-9D7A-480C-B734-4B61A90774CF}
	EndGlobalSection
EndGlobal
