
Microsoft Visual Studio Solution File, Format Version 12.00
# Visual Studio Version 16
VisualStudioVersion = 16.0.32802.440
MinimumVisualStudioVersion = 10.0.40219.1
Project("{FAE04EC0-301F-11D3-BF4B-00C04F79EFBC}") = "Singletonejemplo1", "Singletonejemplo1\Singletonejemplo1.csproj", "{101072E7-2F3E-4E72-A526-71FF1DABBCDA}"
EndProject
Global
	GlobalSection(SolutionConfigurationPlatforms) = preSolution
		Debug|Any CPU = Debug|Any CPU
		Release|Any CPU = Release|Any CPU
	EndGlobalSection
	GlobalSection(ProjectConfigurationPlatforms) = postSolution
		{101072E7-2F3E-4E72-A526-71FF1DABBCDA}.Debug|Any CPU.ActiveCfg = Debug|Any CPU
		{101072E7-2F3E-4E72-A526-71FF1DABBCDA}.Debug|Any CPU.Build.0 = Debug|Any CPU
		{101072E7-2F3E-4E72-A526-71FF1DABBCDA}.Release|Any CPU.ActiveCfg = Release|Any CPU
		{101072E7-2F3E-4E72-A526-71FF1DABBCDA}.Release|Any CPU.Build.0 = Release|Any CPU
	EndGlobalSection
	GlobalSection(SolutionProperties) = preSolution
		HideSolutionNode = FALSE
	EndGlobalSection
	GlobalSection(ExtensibilityGlobals) = postSolution
		SolutionGuid = {4770AB8E-3A8A-470D-B8E9-BE0CD2CD5F30}
	EndGlobalSection
EndGlobal
