
Microsoft Visual Studio Solution File, Format Version 12.00
# Visual Studio Version 16
VisualStudioVersion = 16.0.32802.440
MinimumVisualStudioVersion = 10.0.40219.1
Project("{FAE04EC0-301F-11D3-BF4B-00C04F79EFBC}") = "SingletonEjemplo2", "SingletonEjemplo2\SingletonEjemplo2.csproj", "{798962AF-82B5-41B5-8903-D84AF659F7E0}"
EndProject
Global
	GlobalSection(SolutionConfigurationPlatforms) = preSolution
		Debug|Any CPU = Debug|Any CPU
		Release|Any CPU = Release|Any CPU
	EndGlobalSection
	GlobalSection(ProjectConfigurationPlatforms) = postSolution
		{798962AF-82B5-41B5-8903-D84AF659F7E0}.Debug|Any CPU.ActiveCfg = Debug|Any CPU
		{798962AF-82B5-41B5-8903-D84AF659F7E0}.Debug|Any CPU.Build.0 = Debug|Any CPU
		{798962AF-82B5-41B5-8903-D84AF659F7E0}.Release|Any CPU.ActiveCfg = Release|Any CPU
		{798962AF-82B5-41B5-8903-D84AF659F7E0}.Release|Any CPU.Build.0 = Release|Any CPU
	EndGlobalSection
	GlobalSection(SolutionProperties) = preSolution
		HideSolutionNode = FALSE
	EndGlobalSection
	GlobalSection(ExtensibilityGlobals) = postSolution
		SolutionGuid = {A89FB676-8E3F-4F95-ABFF-65B6B5F92397}
	EndGlobalSection
EndGlobal
